
Microsoft Visual Studio Solution File, Format Version 12.00
# Visual Studio Version 16
VisualStudioVersion = 16.0.29123.88
MinimumVisualStudioVersion = 10.0.40219.1
Project("{FAE04EC0-301F-11D3-BF4B-00C04F79EFBC}") = "AsyncAwait_Demo", "AsyncAwait_Demo\AsyncAwait_Demo.csproj", "{D0524401-4609-4426-A657-BC6BCA66542E}"
EndProject
Global
	GlobalSection(SolutionConfigurationPlatforms) = preSolution
		Debug|Any CPU = Debug|Any CPU
		Release|Any CPU = Release|Any CPU
	EndGlobalSection
	GlobalSection(ProjectConfigurationPlatforms) = postSolution
		{D0524401-4609-4426-A657-BC6BCA66542E}.Debug|Any CPU.ActiveCfg = Debug|Any CPU
		{D0524401-4609-4426-A657-BC6BCA66542E}.Debug|Any CPU.Build.0 = Debug|Any CPU
		{D0524401-4609-4426-A657-BC6BCA66542E}.Release|Any CPU.ActiveCfg = Release|Any CPU
		{D0524401-4609-4426-A657-BC6BCA66542E}.Release|Any CPU.Build.0 = Release|Any CPU
	EndGlobalSection
	GlobalSection(SolutionProperties) = preSolution
		HideSolutionNode = FALSE
	EndGlobalSection
	GlobalSection(ExtensibilityGlobals) = postSolution
		SolutionGuid = {49C0DA19-97C2-4824-ADDF-88F63A65D180}
	EndGlobalSection
EndGlobal
