
Microsoft Visual Studio Solution File, Format Version 12.00
# Visual Studio Version 16
VisualStudioVersion = 16.0.29123.88
MinimumVisualStudioVersion = 10.0.40219.1
Project("{FAE04EC0-301F-11D3-BF4B-00C04F79EFBC}") = "REST_Service_nutzen", "REST_Service_nutzen\REST_Service_nutzen.csproj", "{816F472E-2DD1-403B-8C0C-0A1CB71C0474}"
EndProject
Global
	GlobalSection(SolutionConfigurationPlatforms) = preSolution
		Debug|Any CPU = Debug|Any CPU
		Release|Any CPU = Release|Any CPU
	EndGlobalSection
	GlobalSection(ProjectConfigurationPlatforms) = postSolution
		{816F472E-2DD1-403B-8C0C-0A1CB71C0474}.Debug|Any CPU.ActiveCfg = Debug|Any CPU
		{816F472E-2DD1-403B-8C0C-0A1CB71C0474}.Debug|Any CPU.Build.0 = Debug|Any CPU
		{816F472E-2DD1-403B-8C0C-0A1CB71C0474}.Release|Any CPU.ActiveCfg = Release|Any CPU
		{816F472E-2DD1-403B-8C0C-0A1CB71C0474}.Release|Any CPU.Build.0 = Release|Any CPU
	EndGlobalSection
	GlobalSection(SolutionProperties) = preSolution
		HideSolutionNode = FALSE
	EndGlobalSection
	GlobalSection(ExtensibilityGlobals) = postSolution
		SolutionGuid = {FD35F344-4527-481E-BF1D-6429C2483175}
	EndGlobalSection
EndGlobal
