
Microsoft Visual Studio Solution File, Format Version 12.00
# Visual Studio Version 16
VisualStudioVersion = 16.0.29123.88
MinimumVisualStudioVersion = 10.0.40219.1
Project("{FAE04EC0-301F-11D3-BF4B-00C04F79EFBC}") = "KomplexeFeatures", "KomplexeFeatures\KomplexeFeatures.csproj", "{A157D448-3AD5-4C88-8B47-15C3816E8C05}"
EndProject
Global
	GlobalSection(SolutionConfigurationPlatforms) = preSolution
		Debug|Any CPU = Debug|Any CPU
		Release|Any CPU = Release|Any CPU
	EndGlobalSection
	GlobalSection(ProjectConfigurationPlatforms) = postSolution
		{A157D448-3AD5-4C88-8B47-15C3816E8C05}.Debug|Any CPU.ActiveCfg = Debug|Any CPU
		{A157D448-3AD5-4C88-8B47-15C3816E8C05}.Debug|Any CPU.Build.0 = Debug|Any CPU
		{A157D448-3AD5-4C88-8B47-15C3816E8C05}.Release|Any CPU.ActiveCfg = Release|Any CPU
		{A157D448-3AD5-4C88-8B47-15C3816E8C05}.Release|Any CPU.Build.0 = Release|Any CPU
	EndGlobalSection
	GlobalSection(SolutionProperties) = preSolution
		HideSolutionNode = FALSE
	EndGlobalSection
	GlobalSection(ExtensibilityGlobals) = postSolution
		SolutionGuid = {5C29F7C3-82F6-40F4-A23B-4F2B2D7F7FE5}
	EndGlobalSection
EndGlobal
