
Microsoft Visual Studio Solution File, Format Version 12.00
# Visual Studio Version 16
VisualStudioVersion = 16.0.29123.88
MinimumVisualStudioVersion = 10.0.40219.1
Project("{FAE04EC0-301F-11D3-BF4B-00C04F79EFBC}") = "WPF_Demo", "WPF_Demo\WPF_Demo.csproj", "{AFFBFCF1-7B61-4EDA-B5E6-A080C0403841}"
EndProject
Global
	GlobalSection(SolutionConfigurationPlatforms) = preSolution
		Debug|Any CPU = Debug|Any CPU
		Release|Any CPU = Release|Any CPU
	EndGlobalSection
	GlobalSection(ProjectConfigurationPlatforms) = postSolution
		{AFFBFCF1-7B61-4EDA-B5E6-A080C0403841}.Debug|Any CPU.ActiveCfg = Debug|Any CPU
		{AFFBFCF1-7B61-4EDA-B5E6-A080C0403841}.Debug|Any CPU.Build.0 = Debug|Any CPU
		{AFFBFCF1-7B61-4EDA-B5E6-A080C0403841}.Release|Any CPU.ActiveCfg = Release|Any CPU
		{AFFBFCF1-7B61-4EDA-B5E6-A080C0403841}.Release|Any CPU.Build.0 = Release|Any CPU
	EndGlobalSection
	GlobalSection(SolutionProperties) = preSolution
		HideSolutionNode = FALSE
	EndGlobalSection
	GlobalSection(ExtensibilityGlobals) = postSolution
		SolutionGuid = {671B9023-2C91-4B3B-9FF6-C5E08B829EE5}
	EndGlobalSection
EndGlobal
