
Microsoft Visual Studio Solution File, Format Version 12.00
# Visual Studio Version 16
VisualStudioVersion = 16.0.29123.88
MinimumVisualStudioVersion = 10.0.40219.1
Project("{FAE04EC0-301F-11D3-BF4B-00C04F79EFBC}") = "Taschenrechner", "Taschenrechner\Taschenrechner.csproj", "{2E89FB71-AD68-4636-9604-8E8E998A60C7}"
EndProject
Project("{FAE04EC0-301F-11D3-BF4B-00C04F79EFBC}") = "Taschenrechner.Tests", "Taschenrechner.Tests\Taschenrechner.Tests.csproj", "{056CE7BE-7B46-4786-AF17-59EA23EB6F9F}"
EndProject
Global
	GlobalSection(SolutionConfigurationPlatforms) = preSolution
		Debug|Any CPU = Debug|Any CPU
		Release|Any CPU = Release|Any CPU
	EndGlobalSection
	GlobalSection(ProjectConfigurationPlatforms) = postSolution
		{2E89FB71-AD68-4636-9604-8E8E998A60C7}.Debug|Any CPU.ActiveCfg = Debug|Any CPU
		{2E89FB71-AD68-4636-9604-8E8E998A60C7}.Debug|Any CPU.Build.0 = Debug|Any CPU
		{2E89FB71-AD68-4636-9604-8E8E998A60C7}.Release|Any CPU.ActiveCfg = Release|Any CPU
		{2E89FB71-AD68-4636-9604-8E8E998A60C7}.Release|Any CPU.Build.0 = Release|Any CPU
		{056CE7BE-7B46-4786-AF17-59EA23EB6F9F}.Debug|Any CPU.ActiveCfg = Debug|Any CPU
		{056CE7BE-7B46-4786-AF17-59EA23EB6F9F}.Debug|Any CPU.Build.0 = Debug|Any CPU
		{056CE7BE-7B46-4786-AF17-59EA23EB6F9F}.Release|Any CPU.ActiveCfg = Release|Any CPU
		{056CE7BE-7B46-4786-AF17-59EA23EB6F9F}.Release|Any CPU.Build.0 = Release|Any CPU
	EndGlobalSection
	GlobalSection(SolutionProperties) = preSolution
		HideSolutionNode = FALSE
	EndGlobalSection
	GlobalSection(ExtensibilityGlobals) = postSolution
		SolutionGuid = {9A4316BD-164C-4CA0-8643-38BD635D7C98}
	EndGlobalSection
EndGlobal
