
Microsoft Visual Studio Solution File, Format Version 12.00
# Visual Studio Version 16
VisualStudioVersion = 16.0.29123.88
MinimumVisualStudioVersion = 10.0.40219.1
Project("{FAE04EC0-301F-11D3-BF4B-00C04F79EFBC}") = "Reflection", "Reflection\Reflection.csproj", "{300F40A8-E9F7-4EAF-8659-B50073842CD5}"
EndProject
Project("{FAE04EC0-301F-11D3-BF4B-00C04F79EFBC}") = "Taschenrechner", "Taschenrechner\Taschenrechner.csproj", "{C84609D6-82AD-4963-9BA6-E8655894F3A4}"
EndProject
Global
	GlobalSection(SolutionConfigurationPlatforms) = preSolution
		Debug|Any CPU = Debug|Any CPU
		Release|Any CPU = Release|Any CPU
	EndGlobalSection
	GlobalSection(ProjectConfigurationPlatforms) = postSolution
		{300F40A8-E9F7-4EAF-8659-B50073842CD5}.Debug|Any CPU.ActiveCfg = Debug|Any CPU
		{300F40A8-E9F7-4EAF-8659-B50073842CD5}.Debug|Any CPU.Build.0 = Debug|Any CPU
		{300F40A8-E9F7-4EAF-8659-B50073842CD5}.Release|Any CPU.ActiveCfg = Release|Any CPU
		{300F40A8-E9F7-4EAF-8659-B50073842CD5}.Release|Any CPU.Build.0 = Release|Any CPU
		{C84609D6-82AD-4963-9BA6-E8655894F3A4}.Debug|Any CPU.ActiveCfg = Debug|Any CPU
		{C84609D6-82AD-4963-9BA6-E8655894F3A4}.Debug|Any CPU.Build.0 = Debug|Any CPU
		{C84609D6-82AD-4963-9BA6-E8655894F3A4}.Release|Any CPU.ActiveCfg = Release|Any CPU
		{C84609D6-82AD-4963-9BA6-E8655894F3A4}.Release|Any CPU.Build.0 = Release|Any CPU
	EndGlobalSection
	GlobalSection(SolutionProperties) = preSolution
		HideSolutionNode = FALSE
	EndGlobalSection
	GlobalSection(ExtensibilityGlobals) = postSolution
		SolutionGuid = {997ECD08-B105-4F9A-B082-F378F4AD3D7E}
	EndGlobalSection
EndGlobal
