
Microsoft Visual Studio Solution File, Format Version 12.00
# Visual Studio Version 16
VisualStudioVersion = 16.0.29123.88
MinimumVisualStudioVersion = 10.0.40219.1
Project("{FAE04EC0-301F-11D3-BF4B-00C04F79EFBC}") = "TinyEditor", "TinyEditor\TinyEditor.csproj", "{D16D5B61-77CC-471B-9F71-26B1BFFC90DA}"
EndProject
Global
	GlobalSection(SolutionConfigurationPlatforms) = preSolution
		Debug|Any CPU = Debug|Any CPU
		Release|Any CPU = Release|Any CPU
	EndGlobalSection
	GlobalSection(ProjectConfigurationPlatforms) = postSolution
		{D16D5B61-77CC-471B-9F71-26B1BFFC90DA}.Debug|Any CPU.ActiveCfg = Debug|Any CPU
		{D16D5B61-77CC-471B-9F71-26B1BFFC90DA}.Debug|Any CPU.Build.0 = Debug|Any CPU
		{D16D5B61-77CC-471B-9F71-26B1BFFC90DA}.Release|Any CPU.ActiveCfg = Release|Any CPU
		{D16D5B61-77CC-471B-9F71-26B1BFFC90DA}.Release|Any CPU.Build.0 = Release|Any CPU
	EndGlobalSection
	GlobalSection(SolutionProperties) = preSolution
		HideSolutionNode = FALSE
	EndGlobalSection
	GlobalSection(ExtensibilityGlobals) = postSolution
		SolutionGuid = {EACB9991-C58B-415C-B6F4-8D7A1939508D}
	EndGlobalSection
EndGlobal
